// !$*UTF8*$!
{
	archiveVersion = 1;
	classes = {
	};
	objectVersion = 90;
	objects = {

/* Begin PBXBuildFile section */
		96E08CD92F15797C00720748 /* NimbusKit in Frameworks */ = {isa = PBXBuildFile; productRef = 96E08CD82F15797C00720748 /* NimbusKit */; };
		96E08CDC2F15798F00720748 /* NimbusGAMKit in Frameworks */ = {isa = PBXBuildFile; productRef = 96E08CDB2F15798F00720748 /* NimbusGAMKit */; };
		96E08CDE2F15799000720748 /* NimbusKit in Frameworks */ = {isa = PBXBuildFile; productRef = 96E08CDD2F15799000720748 /* NimbusKit */; };
		96E08CE02F15799000720748 /* NimbusRequestAPSKit in Frameworks */ = {isa = PBXBuildFile; productRef = 96E08CDF2F15799000720748 /* NimbusRequestAPSKit */; };
/* End PBXBuildFile section */

/* Begin PBXContainerItemProxy section */
		96E08D122F157EE000720748 /* PBXContainerItemProxy */ = {
			isa = PBXContainerItemProxy;
			containerPortal = 9647ABA42F155875007BA118 /* Project object */;
			proxyType = 1;
			remoteGlobalIDString = 9647B9762F156246007BA118;
			remoteInfo = DynamicPrice;
		};
/* End PBXContainerItemProxy section */

/* Begin PBXFileReference section */
		9647ABD02F1559C1007BA118 /* Info.plist */ = {isa = PBXFileReference; lastKnownFileType = text.plist.xml; path = Info.plist; sourceTree = "<group>"; };
		9647B9692F156123007BA118 /* Info.plist */ = {isa = PBXFileReference; lastKnownFileType = text.plist.xml; path = Info.plist; sourceTree = "<group>"; };
		96E07B882F156AFA00720748 /* Info.plist */ = {isa = PBXFileReference; lastKnownFileType = text.plist.xml; path = Info.plist; sourceTree = "<group>"; };
		96E08CD42F156CF500720748 /* Tests */ = {isa = PBXFileReference; lastKnownFileType = folder; path = Tests; sourceTree = "<group>"; };
		96E08CE12F157A2B00720748 /* Config.xcconfig */ = {isa = PBXFileReference; lastKnownFileType = text.xcconfig; path = Config.xcconfig; sourceTree = "<group>"; };
		96E08CE52F157A8F00720748 /* DynamicPrice.app */ = {isa = PBXFileReference; explicitFileType = wrapper.application; includeInIndex = 0; name = DynamicPrice.app; path = "/Users/jason/Work/nimbus-solutions/build/Debug-iphoneos/DynamicPrice.app"; sourceTree = "<absolute>"; };
		96E08CE62F157AC500720748 /* Compose.app */ = {isa = PBXFileReference; explicitFileType = wrapper.application; includeInIndex = 0; name = Compose.app; path = "/Users/jason/Work/nimbus-solutions/build/Debug-iphoneos/Compose.app"; sourceTree = "<absolute>"; };
		96E08CE72F157AC500720748 /* OMSDK.app */ = {isa = PBXFileReference; explicitFileType = wrapper.application; includeInIndex = 0; name = OMSDK.app; path = "/Users/jason/Work/nimbus-solutions/build/Debug-iphoneos/OMSDK.app"; sourceTree = "<absolute>"; };
		96E08D0E2F157EE000720748 /* DynamicPriceTests.xctest */ = {isa = PBXFileReference; explicitFileType = wrapper.cfbundle; includeInIndex = 0; name = DynamicPriceTests.xctest; path = "/Users/jason/Work/nimbus-solutions/build/Debug-iphoneos/DynamicPrice.app/PlugIns/DynamicPriceTests.xctest"; sourceTree = "<absolute>"; };
/* End PBXFileReference section */

/* Begin PBXFileSystemSynchronizedBuildFileExceptionSet section */
		96E08CFD2F157DD200720748 /* Exceptions for "Sources" folder in "Compose" target */ = {
			isa = PBXFileSystemSynchronizedBuildFileExceptionSet;
			membershipExceptions = (
				Main.swift,
			);
			target = 9647ABDB2F155AEF007BA118 /* Compose */;
		};
		96E08CFF2F157DE700720748 /* Exceptions for "Resources" folder in "Compose" target */ = {
			isa = PBXFileSystemSynchronizedBuildFileExceptionSet;
			membershipExceptions = (
				Assets.xcassets,
			);
			target = 9647ABDB2F155AEF007BA118 /* Compose */;
		};
		96E08D062F157DEF00720748 /* Exceptions for "Sources" folder in "DynamicPrice" target */ = {
			isa = PBXFileSystemSynchronizedBuildFileExceptionSet;
			membershipExceptions = (
				AdInitializer.swift,
				AsyncUtils.swift,
				Bidders.swift,
				"DynamicPrice+Examples.swift",
				DynamicPriceApp.swift,
				DynamicPriceView.swift,
			);
			target = 9647B9762F156246007BA118 /* DynamicPrice */;
		};
		96E08D092F157E0100720748 /* Exceptions for "Sources" folder in "OMSDK" target */ = {
			isa = PBXFileSystemSynchronizedBuildFileExceptionSet;
			membershipExceptions = (
				Nimbus.swift,
				OMSDKApp.swift,
			);
			target = 96E085D02F156C7000720748 /* OMSDK */;
		};
/* End PBXFileSystemSynchronizedBuildFileExceptionSet section */

/* Begin PBXFileSystemSynchronizedRootGroup section */
		96E08CF02F157DBA00720748 /* Sources */ = {
			isa = PBXFileSystemSynchronizedRootGroup;
			exceptions = (
				96E08D092F157E0100720748 /* Exceptions for "Sources" folder in "OMSDK" target */,
			);
			path = Sources;
			sourceTree = "<group>";
		};
		96E08CF72F157DC000720748 /* Sources */ = {
			isa = PBXFileSystemSynchronizedRootGroup;
			exceptions = (
				96E08D062F157DEF00720748 /* Exceptions for "Sources" folder in "DynamicPrice" target */,
			);
			path = Sources;
			sourceTree = "<group>";
		};
		96E08CF92F157DC600720748 /* Resources */ = {
			isa = PBXFileSystemSynchronizedRootGroup;
			exceptions = (
				96E08CFF2F157DE700720748 /* Exceptions for "Resources" folder in "Compose" target */,
			);
			path = Resources;
			sourceTree = "<group>";
		};
		96E08CFB2F157DC600720748 /* Sources */ = {
			isa = PBXFileSystemSynchronizedRootGroup;
			exceptions = (
				96E08CFD2F157DD200720748 /* Exceptions for "Sources" folder in "Compose" target */,
			);
			path = Sources;
			sourceTree = "<group>";
		};
/* End PBXFileSystemSynchronizedRootGroup section */

/* Begin PBXFrameworksBuildPhase section */
		9647B9742F156246007BA118 /* Frameworks */ = {
			isa = PBXFrameworksBuildPhase;
			files = (
				96E08CDC2F15798F00720748 /* NimbusGAMKit in Frameworks */,
				96E08CDE2F15799000720748 /* NimbusKit in Frameworks */,
				96E08CE02F15799000720748 /* NimbusRequestAPSKit in Frameworks */,
			);
		};
		96E085CE2F156C7000720748 /* Frameworks */ = {
			isa = PBXFrameworksBuildPhase;
			files = (
				96E08CD92F15797C00720748 /* NimbusKit in Frameworks */,
			);
		};
		96E08D0B2F157EE000720748 /* Frameworks */ = {
			isa = PBXFrameworksBuildPhase;
			files = (
			);
		};
/* End PBXFrameworksBuildPhase section */

/* Begin PBXGroup section */
		9647ABA32F155875007BA118 = {
			isa = PBXGroup;
			children = (
				9647ABD52F1559CA007BA118 /* Compose */,
				9647B95A2F156035007BA118 /* DynamicPrice */,
				9647BA0C2F156A70007BA118 /* OMSDK */,
				96E08CE12F157A2B00720748 /* Config.xcconfig */,
			);
			sourceTree = "<group>";
		};
		9647ABD52F1559CA007BA118 /* Compose */ = {
			isa = PBXGroup;
			children = (
				9647ABD02F1559C1007BA118 /* Info.plist */,
				96E08CF92F157DC600720748 /* Resources */,
				96E08CFB2F157DC600720748 /* Sources */,
			);
			name = Compose;
			path = compose/ios;
			sourceTree = "<group>";
		};
		9647B95A2F156035007BA118 /* DynamicPrice */ = {
			isa = PBXGroup;
			children = (
				9647B9692F156123007BA118 /* Info.plist */,
				96E08CF72F157DC000720748 /* Sources */,
				96E08CD42F156CF500720748 /* Tests */,
			);
			name = DynamicPrice;
			path = dynamicprice/ios;
			sourceTree = "<group>";
		};
		9647BA0C2F156A70007BA118 /* OMSDK */ = {
			isa = PBXGroup;
			children = (
				96E07B882F156AFA00720748 /* Info.plist */,
				96E08CF02F157DBA00720748 /* Sources */,
			);
			name = OMSDK;
			path = omsdk/ios;
			sourceTree = "<group>";
		};
/* End PBXGroup section */

/* Begin PBXNativeTarget section */
		9647ABDB2F155AEF007BA118 /* Compose */ = {
			isa = PBXNativeTarget;
			buildConfigurationList = 9647ABE52F155AF0007BA118 /* Build configuration list for PBXNativeTarget "Compose" */;
			buildPhases = (
				9647B9592F155DB5007BA118 /* Compile Kotlin Framework */,
				9647ABD82F155AEF007BA118 /* Sources */,
				9647ABDA2F155AEF007BA118 /* Resources */,
			);
			buildRules = (
			);
			name = Compose;
			productName = Compose;
			productReference = 96E08CE62F157AC500720748 /* Compose.app */;
			productType = "com.apple.product-type.application";
		};
		9647B9762F156246007BA118 /* DynamicPrice */ = {
			isa = PBXNativeTarget;
			buildConfigurationList = 9647B97F2F156246007BA118 /* Build configuration list for PBXNativeTarget "DynamicPrice" */;
			buildPhases = (
				9647B9732F156246007BA118 /* Sources */,
				9647B9742F156246007BA118 /* Frameworks */,
			);
			buildRules = (
			);
			name = DynamicPrice;
			packageProductDependencies = (
				96E08CDB2F15798F00720748 /* NimbusGAMKit */,
				96E08CDD2F15799000720748 /* NimbusKit */,
				96E08CDF2F15799000720748 /* NimbusRequestAPSKit */,
			);
			productName = DynamicPrice;
			productReference = 96E08CE52F157A8F00720748 /* DynamicPrice.app */;
			productType = "com.apple.product-type.application";
		};
		96E085D02F156C7000720748 /* OMSDK */ = {
			isa = PBXNativeTarget;
			buildConfigurationList = 96E085D92F156C7100720748 /* Build configuration list for PBXNativeTarget "OMSDK" */;
			buildPhases = (
				96E085CD2F156C7000720748 /* Sources */,
				96E085CE2F156C7000720748 /* Frameworks */,
			);
			buildRules = (
			);
			name = OMSDK;
			packageProductDependencies = (
				96E08CD82F15797C00720748 /* NimbusKit */,
			);
			productName = OMSDK;
			productReference = 96E08CE72F157AC500720748 /* OMSDK.app */;
			productType = "com.apple.product-type.application";
		};
		96E08D0D2F157EE000720748 /* DynamicPriceTests */ = {
			isa = PBXNativeTarget;
			buildConfigurationList = 96E08D142F157EE000720748 /* Build configuration list for PBXNativeTarget "DynamicPriceTests" */;
			buildPhases = (
				96E08D0A2F157EE000720748 /* Sources */,
				96E08D0B2F157EE000720748 /* Frameworks */,
				96E08D0C2F157EE000720748 /* Resources */,
			);
			buildRules = (
			);
			dependencies = (
				96E08D132F157EE000720748 /* PBXTargetDependency */,
			);
			name = DynamicPriceTests;
			productName = DynamicPriceTests;
			productReference = 96E08D0E2F157EE000720748 /* DynamicPriceTests.xctest */;
			productType = "com.apple.product-type.bundle.unit-test";
		};
/* End PBXNativeTarget section */

/* Begin PBXProject section */
		9647ABA42F155875007BA118 /* Project object */ = {
			isa = PBXProject;
			attributes = {
				BuildIndependentTargetsInParallel = 1;
				LastSwiftUpdateCheck = 2620;
				LastUpgradeCheck = 2620;
				TargetAttributes = {
					9647ABDB2F155AEF007BA118 = {
						CreatedOnToolsVersion = 26.2;
					};
					9647B9762F156246007BA118 = {
						CreatedOnToolsVersion = 26.2;
					};
					96E085D02F156C7000720748 = {
						CreatedOnToolsVersion = 26.2;
					};
					96E08D0D2F157EE000720748 = {
						CreatedOnToolsVersion = 26.2;
						TestTargetID = 9647B9762F156246007BA118;
					};
				};
			};
			buildConfigurationList = 9647ABA72F155875007BA118 /* Build configuration list for PBXProject "solutions" */;
			developmentRegion = en;
			hasScannedForEncodings = 0;
			knownRegions = (
				en,
				Base,
			);
			mainGroup = 9647ABA32F155875007BA118;
			minimizedProjectReferenceProxies = 1;
			packageReferences = (
				96E08CD72F15797C00720748 /* XCRemoteSwiftPackageReference "nimbus-ios-sdk" */,
			);
			preferredProjectObjectVersion = 90;
			productRefGroup = 9647ABA32F155875007BA118;
			projectDirPath = "";
			projectRoot = "";
			targets = (
				9647ABDB2F155AEF007BA118 /* Compose */,
				9647B9762F156246007BA118 /* DynamicPrice */,
				96E08D0D2F157EE000720748 /* DynamicPriceTests */,
				96E085D02F156C7000720748 /* OMSDK */,
			);
		};
/* End PBXProject section */

/* Begin PBXResourcesBuildPhase section */
		9647ABDA2F155AEF007BA118 /* Resources */ = {
			isa = PBXResourcesBuildPhase;
			files = (
			);
		};
		96E08D0C2F157EE000720748 /* Resources */ = {
			isa = PBXResourcesBuildPhase;
			files = (
			);
		};
/* End PBXResourcesBuildPhase section */

/* Begin PBXShellScriptBuildPhase section */
		9647B9592F155DB5007BA118 /* Compile Kotlin Framework */ = {
			isa = PBXShellScriptBuildPhase;
			name = "Compile Kotlin Framework";
			shellPath = /bin/sh;
			shellScript = (
				"if [ \"YES\" = \"$OVERRIDE_KOTLIN_BUILD_IDE_SUPPORTED\" ]; then",
				"  echo \"Skipping Gradle build task invocation due to OVERRIDE_KOTLIN_BUILD_IDE_SUPPORTED environment variable set to \\\"YES\\\"\"",
				"  exit 0",
				"fi",
				"./gradlew :compose:app:embedAndSignAppleFrameworkForXcode",
				"",
			);
		};
/* End PBXShellScriptBuildPhase section */

/* Begin PBXSourcesBuildPhase section */
		9647ABD82F155AEF007BA118 /* Sources */ = {
			isa = PBXSourcesBuildPhase;
			files = (
			);
		};
		9647B9732F156246007BA118 /* Sources */ = {
			isa = PBXSourcesBuildPhase;
			files = (
			);
		};
		96E085CD2F156C7000720748 /* Sources */ = {
			isa = PBXSourcesBuildPhase;
			files = (
			);
		};
		96E08D0A2F157EE000720748 /* Sources */ = {
			isa = PBXSourcesBuildPhase;
			files = (
			);
		};
/* End PBXSourcesBuildPhase section */

/* Begin PBXTargetDependency section */
		96E08D132F157EE000720748 /* PBXTargetDependency */ = {
			isa = PBXTargetDependency;
			target = 9647B9762F156246007BA118 /* DynamicPrice */;
			targetProxy = 96E08D122F157EE000720748 /* PBXContainerItemProxy */;
		};
/* End PBXTargetDependency section */

/* Begin XCBuildConfiguration section */
		9647ABA82F155875007BA118 /* Debug configuration for PBXProject "solutions" */ = {
			isa = XCBuildConfiguration;
			baseConfigurationReference = 96E08CE12F157A2B00720748 /* Config.xcconfig */;
			buildSettings = {
				ALWAYS_SEARCH_USER_PATHS = NO;
				CLANG_CXX_LANGUAGE_STANDARD = "gnu++20";
				CLANG_ENABLE_MODULES = YES;
				CLANG_ENABLE_OBJC_ARC = YES;
				CLANG_ENABLE_OBJC_WEAK = YES;
				COMPILATION_CACHE_ENABLE_CACHING = YES;
				COPY_PHASE_STRIP = NO;
				DEBUG_INFORMATION_FORMAT = dwarf;
				EAGER_LINKING = YES;
				ENABLE_TESTABILITY = YES;
				ENABLE_USER_SCRIPT_SANDBOXING = YES;
				GCC_C_LANGUAGE_STANDARD = gnu17;
				GCC_INLINES_ARE_PRIVATE_EXTERN = YES;
				GCC_NO_COMMON_BLOCKS = YES;
				GCC_OPTIMIZATION_LEVEL = 0;
				GCC_PREPROCESSOR_DEFINITIONS = "DEBUG=1";
				IPHONEOS_DEPLOYMENT_TARGET = 16.6;
				LD_RUNPATH_SEARCH_PATHS = "@executable_path/Frameworks";
				MERGED_BINARY_TYPE = automatic;
				ONLY_ACTIVE_ARCH = YES;
				SDKROOT = iphoneos;
				STRING_CATALOG_GENERATE_SYMBOLS = YES;
				SWIFT_ACTIVE_COMPILATION_CONDITIONS = DEBUG;
				SWIFT_EMIT_LOC_STRINGS = YES;
				SWIFT_OPTIMIZATION_LEVEL = "-Onone";
				SWIFT_VERSION = 6.0;
			};
			name = Debug;
		};
		9647ABA92F155875007BA118 /* Release configuration for PBXProject "solutions" */ = {
			isa = XCBuildConfiguration;
			baseConfigurationReference = 96E08CE12F157A2B00720748 /* Config.xcconfig */;
			buildSettings = {
				ALWAYS_SEARCH_USER_PATHS = NO;
				CLANG_CXX_LANGUAGE_STANDARD = "gnu++20";
				CLANG_ENABLE_MODULES = YES;
				CLANG_ENABLE_OBJC_ARC = YES;
				CLANG_ENABLE_OBJC_WEAK = YES;
				COMPILATION_CACHE_ENABLE_CACHING = YES;
				COPY_PHASE_STRIP = NO;
				EAGER_LINKING = YES;
				ENABLE_NS_ASSERTIONS = NO;
				ENABLE_STRICT_OBJC_MSGSEND = YES;
				ENABLE_USER_SCRIPT_SANDBOXING = YES;
				GCC_C_LANGUAGE_STANDARD = gnu17;
				GCC_INLINES_ARE_PRIVATE_EXTERN = YES;
				GCC_NO_COMMON_BLOCKS = YES;
				IPHONEOS_DEPLOYMENT_TARGET = 16.6;
				LD_RUNPATH_SEARCH_PATHS = "@executable_path/Frameworks";
				MERGED_BINARY_TYPE = automatic;
				SDKROOT = iphoneos;
				STRING_CATALOG_GENERATE_SYMBOLS = YES;
				SWIFT_COMPILATION_MODE = wholemodule;
				SWIFT_EMIT_LOC_STRINGS = YES;
				SWIFT_VERSION = 6.0;
				VALIDATE_PRODUCT = YES;
			};
			name = Release;
		};
		9647ABE62F155AF0007BA118 /* Debug configuration for PBXNativeTarget "Compose" */ = {
			isa = XCBuildConfiguration;
			buildSettings = {
				ASSETCATALOG_COMPILER_APPICON_NAME = AppIcon;
				ASSETCATALOG_COMPILER_GENERATE_SWIFT_ASSET_SYMBOL_EXTENSIONS = YES;
				ASSETCATALOG_COMPILER_GLOBAL_ACCENT_COLOR_NAME = AccentColor;
				ASSETCATALOG_COMPILER_INCLUDE_ALL_APPICON_ASSETS = NO;
				CURRENT_PROJECT_VERSION = 1;
				ENABLE_PREVIEWS = YES;
				ENABLE_USER_SCRIPT_SANDBOXING = NO;
				FRAMEWORK_SEARCH_PATHS = (
					"$(inherited)",
					"$(PROJECT_DIR)/Compose/app/build/bin/iosSimulatorArm64/debugFramework",
					"$(PROJECT_DIR)/Compose/app/build/xcode-frameworks/Debug/iphonesimulator26.2",
				);
				INFOPLIST_FILE = compose/ios/Info.plist;
				INFOPLIST_KEY_CFBundleDisplayName = "Nimbus Compose";
				MARKETING_VERSION = 1.0;
				MTL_FAST_MATH = YES;
				PRODUCT_BUNDLE_IDENTIFIER = adsbynimbus.solutions.compose.app;
				PRODUCT_NAME = "$(TARGET_NAME)";
				TARGETED_DEVICE_FAMILY = "1,2";
			};
			name = Debug;
		};
		9647ABE72F155AF0007BA118 /* Release configuration for PBXNativeTarget "Compose" */ = {
			isa = XCBuildConfiguration;
			buildSettings = {
				ASSETCATALOG_COMPILER_APPICON_NAME = AppIcon;
				ASSETCATALOG_COMPILER_GENERATE_SWIFT_ASSET_SYMBOL_EXTENSIONS = YES;
				ASSETCATALOG_COMPILER_GLOBAL_ACCENT_COLOR_NAME = AccentColor;
				ASSETCATALOG_COMPILER_INCLUDE_ALL_APPICON_ASSETS = NO;
				CURRENT_PROJECT_VERSION = 1;
				ENABLE_PREVIEWS = YES;
				ENABLE_USER_SCRIPT_SANDBOXING = NO;
				FRAMEWORK_SEARCH_PATHS = (
					"$(inherited)",
					"$(PROJECT_DIR)/Compose/app/build/bin/iosSimulatorArm64/debugFramework",
					"$(PROJECT_DIR)/Compose/app/build/xcode-frameworks/Debug/iphonesimulator26.2",
				);
				INFOPLIST_FILE = compose/ios/Info.plist;
				INFOPLIST_KEY_CFBundleDisplayName = "Nimbus Compose";
				MARKETING_VERSION = 1.0;
				MTL_FAST_MATH = YES;
				PRODUCT_BUNDLE_IDENTIFIER = adsbynimbus.solutions.compose.app;
				PRODUCT_NAME = "$(TARGET_NAME)";
				TARGETED_DEVICE_FAMILY = "1,2";
			};
			name = Release;
		};
		9647B9802F156246007BA118 /* Debug configuration for PBXNativeTarget "DynamicPrice" */ = {
			isa = XCBuildConfiguration;
			buildSettings = {
				ASSETCATALOG_COMPILER_GENERATE_SWIFT_ASSET_SYMBOL_EXTENSIONS = YES;
				ASSETCATALOG_COMPILER_GLOBAL_ACCENT_COLOR_NAME = AccentColor;
				CURRENT_PROJECT_VERSION = 1;
				ENABLE_PREVIEWS = YES;
				INFOPLIST_FILE = dynamicprice/ios/Info.plist;
				INFOPLIST_KEY_CFBundleDisplayName = "Nimbus Dynamic Price";
				MARKETING_VERSION = 1.0;
				MTL_FAST_MATH = YES;
				PRODUCT_BUNDLE_IDENTIFIER = adsbynimbus.solutions.dynamicprice;
				PRODUCT_NAME = "$(TARGET_NAME)";
				TARGETED_DEVICE_FAMILY = "1,2";
			};
			name = Debug;
		};
		9647B9812F156246007BA118 /* Release configuration for PBXNativeTarget "DynamicPrice" */ = {
			isa = XCBuildConfiguration;
			buildSettings = {
				ASSETCATALOG_COMPILER_GENERATE_SWIFT_ASSET_SYMBOL_EXTENSIONS = YES;
				ASSETCATALOG_COMPILER_GLOBAL_ACCENT_COLOR_NAME = AccentColor;
				CURRENT_PROJECT_VERSION = 1;
				ENABLE_PREVIEWS = YES;
				INFOPLIST_FILE = dynamicprice/ios/Info.plist;
				INFOPLIST_KEY_CFBundleDisplayName = "Nimbus Dynamic Price";
				MARKETING_VERSION = 1.0;
				MTL_FAST_MATH = YES;
				PRODUCT_BUNDLE_IDENTIFIER = adsbynimbus.solutions.dynamicprice;
				PRODUCT_NAME = "$(TARGET_NAME)";
				TARGETED_DEVICE_FAMILY = "1,2";
			};
			name = Release;
		};
		96E085DA2F156C7100720748 /* Debug configuration for PBXNativeTarget "OMSDK" */ = {
			isa = XCBuildConfiguration;
			buildSettings = {
				ASSETCATALOG_COMPILER_GENERATE_SWIFT_ASSET_SYMBOL_EXTENSIONS = YES;
				ASSETCATALOG_COMPILER_GLOBAL_ACCENT_COLOR_NAME = AccentColor;
				CURRENT_PROJECT_VERSION = 1;
				ENABLE_PREVIEWS = YES;
				INFOPLIST_FILE = omsdk/ios/Info.plist;
				INFOPLIST_KEY_CFBundleDisplayName = "Nimbus OMSDK Validator";
				MARKETING_VERSION = 1.0;
				MTL_FAST_MATH = YES;
				PRODUCT_BUNDLE_IDENTIFIER = co.nimbus.ios.OMSDKValidator;
				PRODUCT_NAME = "$(TARGET_NAME)";
				TARGETED_DEVICE_FAMILY = "1,2";
			};
			name = Debug;
		};
		96E085DB2F156C7100720748 /* Release configuration for PBXNativeTarget "OMSDK" */ = {
			isa = XCBuildConfiguration;
			buildSettings = {
				ASSETCATALOG_COMPILER_GENERATE_SWIFT_ASSET_SYMBOL_EXTENSIONS = YES;
				ASSETCATALOG_COMPILER_GLOBAL_ACCENT_COLOR_NAME = AccentColor;
				CURRENT_PROJECT_VERSION = 1;
				ENABLE_PREVIEWS = YES;
				INFOPLIST_FILE = omsdk/ios/Info.plist;
				INFOPLIST_KEY_CFBundleDisplayName = "Nimbus OMSDK Validator";
				MARKETING_VERSION = 1.0;
				MTL_FAST_MATH = YES;
				PRODUCT_BUNDLE_IDENTIFIER = co.nimbus.ios.OMSDKValidator;
				PRODUCT_NAME = "$(TARGET_NAME)";
				TARGETED_DEVICE_FAMILY = "1,2";
			};
			name = Release;
		};
		96E08D152F157EE000720748 /* Debug configuration for PBXNativeTarget "DynamicPriceTests" */ = {
			isa = XCBuildConfiguration;
			buildSettings = {
				ASSETCATALOG_COMPILER_GENERATE_SWIFT_ASSET_SYMBOL_EXTENSIONS = YES;
				BUNDLE_LOADER = "$(TEST_HOST)";
				CURRENT_PROJECT_VERSION = 1;
				GENERATE_INFOPLIST_FILE = YES;
				LOCALIZATION_PREFERS_STRING_CATALOGS = YES;
				MARKETING_VERSION = 1.0;
				MTL_FAST_MATH = YES;
				PRODUCT_BUNDLE_IDENTIFIER = adsbynimbus.solutions.DynamicPriceTests;
				PRODUCT_NAME = "$(TARGET_NAME)";
				STRING_CATALOG_GENERATE_SYMBOLS = NO;
				SWIFT_EMIT_LOC_STRINGS = NO;
				TARGETED_DEVICE_FAMILY = "1,2";
				TEST_HOST = "$(BUILT_PRODUCTS_DIR)/DynamicPrice.app/$(BUNDLE_EXECUTABLE_FOLDER_PATH)/DynamicPrice";
			};
			name = Debug;
		};
		96E08D162F157EE000720748 /* Release configuration for PBXNativeTarget "DynamicPriceTests" */ = {
			isa = XCBuildConfiguration;
			buildSettings = {
				ASSETCATALOG_COMPILER_GENERATE_SWIFT_ASSET_SYMBOL_EXTENSIONS = YES;
				BUNDLE_LOADER = "$(TEST_HOST)";
				CURRENT_PROJECT_VERSION = 1;
				GENERATE_INFOPLIST_FILE = YES;
				LOCALIZATION_PREFERS_STRING_CATALOGS = YES;
				MARKETING_VERSION = 1.0;
				MTL_FAST_MATH = YES;
				PRODUCT_BUNDLE_IDENTIFIER = adsbynimbus.solutions.DynamicPriceTests;
				PRODUCT_NAME = "$(TARGET_NAME)";
				STRING_CATALOG_GENERATE_SYMBOLS = NO;
				SWIFT_EMIT_LOC_STRINGS = NO;
				TARGETED_DEVICE_FAMILY = "1,2";
				TEST_HOST = "$(BUILT_PRODUCTS_DIR)/DynamicPrice.app/$(BUNDLE_EXECUTABLE_FOLDER_PATH)/DynamicPrice";
			};
			name = Release;
		};
/* End XCBuildConfiguration section */

/* Begin XCConfigurationList section */
		9647ABA72F155875007BA118 /* Build configuration list for PBXProject "solutions" */ = {
			isa = XCConfigurationList;
			buildConfigurations = (
				9647ABA82F155875007BA118 /* Debug configuration for PBXProject "solutions" */,
				9647ABA92F155875007BA118 /* Release configuration for PBXProject "solutions" */,
			);
			defaultConfigurationName = Release;
		};
		9647ABE52F155AF0007BA118 /* Build configuration list for PBXNativeTarget "Compose" */ = {
			isa = XCConfigurationList;
			buildConfigurations = (
				9647ABE62F155AF0007BA118 /* Debug configuration for PBXNativeTarget "Compose" */,
				9647ABE72F155AF0007BA118 /* Release configuration for PBXNativeTarget "Compose" */,
			);
			defaultConfigurationName = Release;
		};
		9647B97F2F156246007BA118 /* Build configuration list for PBXNativeTarget "DynamicPrice" */ = {
			isa = XCConfigurationList;
			buildConfigurations = (
				9647B9802F156246007BA118 /* Debug configuration for PBXNativeTarget "DynamicPrice" */,
				9647B9812F156246007BA118 /* Release configuration for PBXNativeTarget "DynamicPrice" */,
			);
			defaultConfigurationName = Release;
		};
		96E085D92F156C7100720748 /* Build configuration list for PBXNativeTarget "OMSDK" */ = {
			isa = XCConfigurationList;
			buildConfigurations = (
				96E085DA2F156C7100720748 /* Debug configuration for PBXNativeTarget "OMSDK" */,
				96E085DB2F156C7100720748 /* Release configuration for PBXNativeTarget "OMSDK" */,
			);
			defaultConfigurationName = Release;
		};
		96E08D142F157EE000720748 /* Build configuration list for PBXNativeTarget "DynamicPriceTests" */ = {
			isa = XCConfigurationList;
			buildConfigurations = (
				96E08D152F157EE000720748 /* Debug configuration for PBXNativeTarget "DynamicPriceTests" */,
				96E08D162F157EE000720748 /* Release configuration for PBXNativeTarget "DynamicPriceTests" */,
			);
			defaultConfigurationName = Release;
		};
/* End XCConfigurationList section */

/* Begin XCRemoteSwiftPackageReference section */
		96E08CD72F15797C00720748 /* XCRemoteSwiftPackageReference "nimbus-ios-sdk" */ = {
			isa = XCRemoteSwiftPackageReference;
			repositoryURL = "https://github.com/adsbynimbus/nimbus-ios-sdk";
			requirement = {
				kind = upToNextMajorVersion;
				minimumVersion = 2.32.1;
			};
		};
/* End XCRemoteSwiftPackageReference section */

/* Begin XCSwiftPackageProductDependency section */
		96E08CD82F15797C00720748 /* NimbusKit */ = {
			isa = XCSwiftPackageProductDependency;
			package = 96E08CD72F15797C00720748 /* XCRemoteSwiftPackageReference "nimbus-ios-sdk" */;
			productName = NimbusKit;
		};
		96E08CDB2F15798F00720748 /* NimbusGAMKit */ = {
			isa = XCSwiftPackageProductDependency;
			package = 96E08CD72F15797C00720748 /* XCRemoteSwiftPackageReference "nimbus-ios-sdk" */;
			productName = NimbusGAMKit;
		};
		96E08CDD2F15799000720748 /* NimbusKit */ = {
			isa = XCSwiftPackageProductDependency;
			package = 96E08CD72F15797C00720748 /* XCRemoteSwiftPackageReference "nimbus-ios-sdk" */;
			productName = NimbusKit;
		};
		96E08CDF2F15799000720748 /* NimbusRequestAPSKit */ = {
			isa = XCSwiftPackageProductDependency;
			package = 96E08CD72F15797C00720748 /* XCRemoteSwiftPackageReference "nimbus-ios-sdk" */;
			productName = NimbusRequestAPSKit;
		};
/* End XCSwiftPackageProductDependency section */
	};
	rootObject = 9647ABA42F155875007BA118 /* Project object */;
}
